
Microsoft Visual Studio Solution File, Format Version 12.00
# Visual Studio Version 17
VisualStudioVersion = 17.3.32901.215
MinimumVisualStudioVersion = 10.0.40219.1
Project("{FAE04EC0-301F-11D3-BF4B-00C04F79EFBC}") = "P5_4_1214056", "P5_4_1214056\P5_4_1214056.csproj", "{FE00077C-362E-4AE2-953F-B644B7A253EF}"
EndProject
Global
	GlobalSection(SolutionConfigurationPlatforms) = preSolution
		Debug|Any CPU = Debug|Any CPU
		Release|Any CPU = Release|Any CPU
	EndGlobalSection
	GlobalSection(ProjectConfigurationPlatforms) = postSolution
		{FE00077C-362E-4AE2-953F-B644B7A253EF}.Debug|Any CPU.ActiveCfg = Debug|Any CPU
		{FE00077C-362E-4AE2-953F-B644B7A253EF}.Debug|Any CPU.Build.0 = Debug|Any CPU
		{FE00077C-362E-4AE2-953F-B644B7A253EF}.Release|Any CPU.ActiveCfg = Release|Any CPU
		{FE00077C-362E-4AE2-953F-B644B7A253EF}.Release|Any CPU.Build.0 = Release|Any CPU
	EndGlobalSection
	GlobalSection(SolutionProperties) = preSolution
		HideSolutionNode = FALSE
	EndGlobalSection
	GlobalSection(ExtensibilityGlobals) = postSolution
		SolutionGuid = {0549DB18-E053-4CF4-A091-8C934024798A}
	EndGlobalSection
EndGlobal
